
Microsoft Visual Studio Solution File, Format Version 12.00
# Visual Studio 15
VisualStudioVersion = 15.0.27703.2047
MinimumVisualStudioVersion = 10.0.40219.1
Project("{FAE04EC0-301F-11D3-BF4B-00C04F79EFBC}") = "TestAutomationFramework", "TestAutomationFramework\TestAutomationFramework.csproj", "{A923D768-6D99-4004-B7FE-74A3D91201DF}"
EndProject
Project("{FAE04EC0-301F-11D3-BF4B-00C04F79EFBC}") = "WebsiteTest", "WebsiteTest\WebsiteTest.csproj", "{B8F0AF46-25E1-4C18-902F-986E489286C8}"
EndProject
Global
	GlobalSection(SolutionConfigurationPlatforms) = preSolution
		Debug|Any CPU = Debug|Any CPU
		Release|Any CPU = Release|Any CPU
	EndGlobalSection
	GlobalSection(ProjectConfigurationPlatforms) = postSolution
		{A923D768-6D99-4004-B7FE-74A3D91201DF}.Debug|Any CPU.ActiveCfg = Debug|Any CPU
		{A923D768-6D99-4004-B7FE-74A3D91201DF}.Debug|Any CPU.Build.0 = Debug|Any CPU
		{A923D768-6D99-4004-B7FE-74A3D91201DF}.Release|Any CPU.ActiveCfg = Release|Any CPU
		{A923D768-6D99-4004-B7FE-74A3D91201DF}.Release|Any CPU.Build.0 = Release|Any CPU
		{B8F0AF46-25E1-4C18-902F-986E489286C8}.Debug|Any CPU.ActiveCfg = Debug|Any CPU
		{B8F0AF46-25E1-4C18-902F-986E489286C8}.Debug|Any CPU.Build.0 = Debug|Any CPU
		{B8F0AF46-25E1-4C18-902F-986E489286C8}.Release|Any CPU.ActiveCfg = Release|Any CPU
		{B8F0AF46-25E1-4C18-902F-986E489286C8}.Release|Any CPU.Build.0 = Release|Any CPU
	EndGlobalSection
	GlobalSection(SolutionProperties) = preSolution
		HideSolutionNode = FALSE
	EndGlobalSection
	GlobalSection(ExtensibilityGlobals) = postSolution
		SolutionGuid = {53744E76-7856-42DD-BBB5-EBCDDAB57E7F}
	EndGlobalSection
EndGlobal
